
Microsoft Visual Studio Solution File, Format Version 12.00
# Visual Studio Version 17
VisualStudioVersion = 17.5.33424.131
MinimumVisualStudioVersion = 10.0.40219.1
Project("{9A19103F-16F7-4668-BE54-9A1E7A4F7556}") = "Yosua_1302210126", "Yosua_1302210126\Yosua_1302210126.csproj", "{96C0AADC-CDF3-4AE7-A96A-86CAAF6849E2}"
EndProject
Project("{FAE04EC0-301F-11D3-BF4B-00C04F79EFBC}") = "TestProject1", "TestProject1\TestProject1.csproj", "{57468109-E218-4AA8-8C9D-3E8854ACF80E}"
EndProject
Global
	GlobalSection(SolutionConfigurationPlatforms) = preSolution
		Debug|Any CPU = Debug|Any CPU
		Release|Any CPU = Release|Any CPU
	EndGlobalSection
	GlobalSection(ProjectConfigurationPlatforms) = postSolution
		{96C0AADC-CDF3-4AE7-A96A-86CAAF6849E2}.Debug|Any CPU.ActiveCfg = Debug|Any CPU
		{96C0AADC-CDF3-4AE7-A96A-86CAAF6849E2}.Debug|Any CPU.Build.0 = Debug|Any CPU
		{96C0AADC-CDF3-4AE7-A96A-86CAAF6849E2}.Release|Any CPU.ActiveCfg = Release|Any CPU
		{96C0AADC-CDF3-4AE7-A96A-86CAAF6849E2}.Release|Any CPU.Build.0 = Release|Any CPU
		{57468109-E218-4AA8-8C9D-3E8854ACF80E}.Debug|Any CPU.ActiveCfg = Debug|Any CPU
		{57468109-E218-4AA8-8C9D-3E8854ACF80E}.Debug|Any CPU.Build.0 = Debug|Any CPU
		{57468109-E218-4AA8-8C9D-3E8854ACF80E}.Release|Any CPU.ActiveCfg = Release|Any CPU
		{57468109-E218-4AA8-8C9D-3E8854ACF80E}.Release|Any CPU.Build.0 = Release|Any CPU
	EndGlobalSection
	GlobalSection(SolutionProperties) = preSolution
		HideSolutionNode = FALSE
	EndGlobalSection
	GlobalSection(ExtensibilityGlobals) = postSolution
		SolutionGuid = {C4546B2A-DD3B-4227-A57A-AC10A4D64F04}
	EndGlobalSection
EndGlobal
