
Microsoft Visual Studio Solution File, Format Version 12.00
# Visual Studio Version 17
VisualStudioVersion = 17.4.33110.190
MinimumVisualStudioVersion = 10.0.40219.1
Project("{9A19103F-16F7-4668-BE54-9A1E7A4F7556}") = "FR3_MuhammadRafaEkaPramoedya_1302210123", "FR3_MuhammadRafaEkaPramoedya_1302210123\FR3_MuhammadRafaEkaPramoedya_1302210123.csproj", "{7F79979B-1A40-41B9-BAB0-BC4652FE033A}"
EndProject
Project("{FAE04EC0-301F-11D3-BF4B-00C04F79EFBC}") = "UnitTestFR3", "UnitTestFR3\UnitTestFR3.csproj", "{D8E77F64-F69A-4ACA-A409-B7B0D3E76E58}"
EndProject
Global
	GlobalSection(SolutionConfigurationPlatforms) = preSolution
		Debug|Any CPU = Debug|Any CPU
		Release|Any CPU = Release|Any CPU
	EndGlobalSection
	GlobalSection(ProjectConfigurationPlatforms) = postSolution
		{7F79979B-1A40-41B9-BAB0-BC4652FE033A}.Debug|Any CPU.ActiveCfg = Debug|Any CPU
		{7F79979B-1A40-41B9-BAB0-BC4652FE033A}.Debug|Any CPU.Build.0 = Debug|Any CPU
		{7F79979B-1A40-41B9-BAB0-BC4652FE033A}.Release|Any CPU.ActiveCfg = Release|Any CPU
		{7F79979B-1A40-41B9-BAB0-BC4652FE033A}.Release|Any CPU.Build.0 = Release|Any CPU
		{D8E77F64-F69A-4ACA-A409-B7B0D3E76E58}.Debug|Any CPU.ActiveCfg = Debug|Any CPU
		{D8E77F64-F69A-4ACA-A409-B7B0D3E76E58}.Debug|Any CPU.Build.0 = Debug|Any CPU
		{D8E77F64-F69A-4ACA-A409-B7B0D3E76E58}.Release|Any CPU.ActiveCfg = Release|Any CPU
		{D8E77F64-F69A-4ACA-A409-B7B0D3E76E58}.Release|Any CPU.Build.0 = Release|Any CPU
	EndGlobalSection
	GlobalSection(SolutionProperties) = preSolution
		HideSolutionNode = FALSE
	EndGlobalSection
	GlobalSection(ExtensibilityGlobals) = postSolution
		SolutionGuid = {D262927A-8CEF-47FA-8407-0300FE45CCD5}
	EndGlobalSection
EndGlobal
