
Microsoft Visual Studio Solution File, Format Version 12.00
# Visual Studio Version 17
VisualStudioVersion = 17.5.33414.496
MinimumVisualStudioVersion = 10.0.40219.1
Project("{FAE04EC0-301F-11D3-BF4B-00C04F79EFBC}") = "daftarEvent", "daftarEvent\daftarEvent.csproj", "{EC10A773-7E92-42FC-80B2-60732EE09B0D}"
EndProject
Project("{FAE04EC0-301F-11D3-BF4B-00C04F79EFBC}") = "statusLibrary", "statusEvent\statusLibrary.csproj", "{9974394E-AE2E-4AE4-8F61-640992732C0B}"
EndProject
Global
	GlobalSection(SolutionConfigurationPlatforms) = preSolution
		Debug|Any CPU = Debug|Any CPU
		Release|Any CPU = Release|Any CPU
	EndGlobalSection
	GlobalSection(ProjectConfigurationPlatforms) = postSolution
		{EC10A773-7E92-42FC-80B2-60732EE09B0D}.Debug|Any CPU.ActiveCfg = Debug|Any CPU
		{EC10A773-7E92-42FC-80B2-60732EE09B0D}.Debug|Any CPU.Build.0 = Debug|Any CPU
		{EC10A773-7E92-42FC-80B2-60732EE09B0D}.Release|Any CPU.ActiveCfg = Release|Any CPU
		{EC10A773-7E92-42FC-80B2-60732EE09B0D}.Release|Any CPU.Build.0 = Release|Any CPU
		{9974394E-AE2E-4AE4-8F61-640992732C0B}.Debug|Any CPU.ActiveCfg = Debug|Any CPU
		{9974394E-AE2E-4AE4-8F61-640992732C0B}.Debug|Any CPU.Build.0 = Debug|Any CPU
		{9974394E-AE2E-4AE4-8F61-640992732C0B}.Release|Any CPU.ActiveCfg = Release|Any CPU
		{9974394E-AE2E-4AE4-8F61-640992732C0B}.Release|Any CPU.Build.0 = Release|Any CPU
	EndGlobalSection
	GlobalSection(SolutionProperties) = preSolution
		HideSolutionNode = FALSE
	EndGlobalSection
	GlobalSection(ExtensibilityGlobals) = postSolution
		SolutionGuid = {FF400C72-C174-4FFA-BD6A-B74465EB9E76}
	EndGlobalSection
EndGlobal
